// !$*UTF8*$!
{
	archiveVersion = 1;
	classes = {
	};
	objectVersion = 46;
	objects = {

/* Begin PBXBuildFile section */
		0F45D9C01E5450890081278D /* main.m in Sources */ = {isa = PBXBuildFile; fileRef = 0F45D9BF1E5450890081278D /* main.m */; };
		0F45D9C31E5450890081278D /* AppDelegate.m in Sources */ = {isa = PBXBuildFile; fileRef = 0F45D9C21E5450890081278D /* AppDelegate.m */; };
		0F45D9C61E5450890081278D /* ViewController.m in Sources */ = {isa = PBXBuildFile; fileRef = 0F45D9C51E5450890081278D /* ViewController.m */; };
		0F45D9C91E5450890081278D /* Main.storyboard in Resources */ = {isa = PBXBuildFile; fileRef = 0F45D9C71E5450890081278D /* Main.storyboard */; };
		0F45D9CB1E5450890081278D /* Assets.xcassets in Resources */ = {isa = PBXBuildFile; fileRef = 0F45D9CA1E5450890081278D /* Assets.xcassets */; };
		0F45D9CE1E5450890081278D /* LaunchScreen.storyboard in Resources */ = {isa = PBXBuildFile; fileRef = 0F45D9CC1E5450890081278D /* LaunchScreen.storyboard */; };
		0F45D9D91E54508A0081278D /* mvvm_frameTests.m in Sources */ = {isa = PBXBuildFile; fileRef = 0F45D9D81E54508A0081278D /* mvvm_frameTests.m */; };
		0F45D9E41E54508A0081278D /* mvvm_frameUITests.m in Sources */ = {isa = PBXBuildFile; fileRef = 0F45D9E31E54508A0081278D /* mvvm_frameUITests.m */; };
		0FDC415B1E554DAB00876F99 /* HttpManager.m in Sources */ = {isa = PBXBuildFile; fileRef = 0FDC415A1E554DAB00876F99 /* HttpManager.m */; };
		0FDC41601E55504300876F99 /* ViewModelClass.m in Sources */ = {isa = PBXBuildFile; fileRef = 0FDC415F1E55504300876F99 /* ViewModelClass.m */; };
		0FDC41641E55514900876F99 /* AdvertisingColumn.m in Sources */ = {isa = PBXBuildFile; fileRef = 0FDC41631E55514900876F99 /* AdvertisingColumn.m */; };
		0FDC416B1E5551CC00876F99 /* SDTabBarController.m in Sources */ = {isa = PBXBuildFile; fileRef = 0FDC416A1E5551CC00876F99 /* SDTabBarController.m */; };
		0FDC416F1E55525B00876F99 /* ImageFromWeb.m in Sources */ = {isa = PBXBuildFile; fileRef = 0FDC416E1E55525B00876F99 /* ImageFromWeb.m */; };
		0FDC417B1E55760F00876F99 /* FirstViewController.m in Sources */ = {isa = PBXBuildFile; fileRef = 0FDC417A1E55760F00876F99 /* FirstViewController.m */; };
		0FDC418E1E5698B500876F99 /* SecondViewController.m in Sources */ = {isa = PBXBuildFile; fileRef = 0FDC418D1E5698B500876F99 /* SecondViewController.m */; };
		0FDC41911E5698C500876F99 /* ThirdViewController.m in Sources */ = {isa = PBXBuildFile; fileRef = 0FDC41901E5698C500876F99 /* ThirdViewController.m */; };
		0FDC41951E5698D400876F99 /* ForthViewController.m in Sources */ = {isa = PBXBuildFile; fileRef = 0FDC41941E5698D400876F99 /* ForthViewController.m */; };
		0FDC41981E5698DE00876F99 /* FifthViewController.m in Sources */ = {isa = PBXBuildFile; fileRef = 0FDC41971E5698DE00876F99 /* FifthViewController.m */; };
		0FDC419B1E56990D00876F99 /* FirstViewModel.m in Sources */ = {isa = PBXBuildFile; fileRef = 0FDC419A1E56990D00876F99 /* FirstViewModel.m */; };
		7C41D5227594CB8D96801A15 /* libPods-mvvm_frame.a in Frameworks */ = {isa = PBXBuildFile; fileRef = 8E2518F442E3BC846675D7EA /* libPods-mvvm_frame.a */; };
/* End PBXBuildFile section */

/* Begin PBXContainerItemProxy section */
		0F45D9D51E54508A0081278D /* PBXContainerItemProxy */ = {
			isa = PBXContainerItemProxy;
			containerPortal = 0F45D9B31E5450890081278D /* Project object */;
			proxyType = 1;
			remoteGlobalIDString = 0F45D9BA1E5450890081278D;
			remoteInfo = mvvm_frame;
		};
		0F45D9E01E54508A0081278D /* PBXContainerItemProxy */ = {
			isa = PBXContainerItemProxy;
			containerPortal = 0F45D9B31E5450890081278D /* Project object */;
			proxyType = 1;
			remoteGlobalIDString = 0F45D9BA1E5450890081278D;
			remoteInfo = mvvm_frame;
		};
/* End PBXContainerItemProxy section */

/* Begin PBXFileReference section */
		0F45D9BB1E5450890081278D /* mvvm_frame.app */ = {isa = PBXFileReference; explicitFileType = wrapper.application; includeInIndex = 0; path = mvvm_frame.app; sourceTree = BUILT_PRODUCTS_DIR; };
		0F45D9BF1E5450890081278D /* main.m */ = {isa = PBXFileReference; lastKnownFileType = sourcecode.c.objc; path = main.m; sourceTree = "<group>"; };
		0F45D9C11E5450890081278D /* AppDelegate.h */ = {isa = PBXFileReference; lastKnownFileType = sourcecode.c.h; path = AppDelegate.h; sourceTree = "<group>"; };
		0F45D9C21E5450890081278D /* AppDelegate.m */ = {isa = PBXFileReference; lastKnownFileType = sourcecode.c.objc; path = AppDelegate.m; sourceTree = "<group>"; };
		0F45D9C41E5450890081278D /* ViewController.h */ = {isa = PBXFileReference; lastKnownFileType = sourcecode.c.h; path = ViewController.h; sourceTree = "<group>"; };
		0F45D9C51E5450890081278D /* ViewController.m */ = {isa = PBXFileReference; lastKnownFileType = sourcecode.c.objc; path = ViewController.m; sourceTree = "<group>"; };
		0F45D9C81E5450890081278D /* Base */ = {isa = PBXFileReference; lastKnownFileType = file.storyboard; name = Base; path = Base.lproj/Main.storyboard; sourceTree = "<group>"; };
		0F45D9CA1E5450890081278D /* Assets.xcassets */ = {isa = PBXFileReference; lastKnownFileType = folder.assetcatalog; path = Assets.xcassets; sourceTree = "<group>"; };
		0F45D9CD1E5450890081278D /* Base */ = {isa = PBXFileReference; lastKnownFileType = file.storyboard; name = Base; path = Base.lproj/LaunchScreen.storyboard; sourceTree = "<group>"; };
		0F45D9CF1E5450890081278D /* Info.plist */ = {isa = PBXFileReference; lastKnownFileType = text.plist.xml; path = Info.plist; sourceTree = "<group>"; };
		0F45D9D41E54508A0081278D /* mvvm_frameTests.xctest */ = {isa = PBXFileReference; explicitFileType = wrapper.cfbundle; includeInIndex = 0; path = mvvm_frameTests.xctest; sourceTree = BUILT_PRODUCTS_DIR; };
		0F45D9D81E54508A0081278D /* mvvm_frameTests.m */ = {isa = PBXFileReference; lastKnownFileType = sourcecode.c.objc; path = mvvm_frameTests.m; sourceTree = "<group>"; };
		0F45D9DA1E54508A0081278D /* Info.plist */ = {isa = PBXFileReference; lastKnownFileType = text.plist.xml; path = Info.plist; sourceTree = "<group>"; };
		0F45D9DF1E54508A0081278D /* mvvm_frameUITests.xctest */ = {isa = PBXFileReference; explicitFileType = wrapper.cfbundle; includeInIndex = 0; path = mvvm_frameUITests.xctest; sourceTree = BUILT_PRODUCTS_DIR; };
		0F45D9E31E54508A0081278D /* mvvm_frameUITests.m */ = {isa = PBXFileReference; lastKnownFileType = sourcecode.c.objc; path = mvvm_frameUITests.m; sourceTree = "<group>"; };
		0F45D9E51E54508A0081278D /* Info.plist */ = {isa = PBXFileReference; lastKnownFileType = text.plist.xml; path = Info.plist; sourceTree = "<group>"; };
		0FDC41581E554D9200876F99 /* PrefixHeader.pch */ = {isa = PBXFileReference; lastKnownFileType = sourcecode.c.h; path = PrefixHeader.pch; sourceTree = "<group>"; };
		0FDC41591E554DAB00876F99 /* HttpManager.h */ = {isa = PBXFileReference; fileEncoding = 4; lastKnownFileType = sourcecode.c.h; path = HttpManager.h; sourceTree = "<group>"; };
		0FDC415A1E554DAB00876F99 /* HttpManager.m */ = {isa = PBXFileReference; fileEncoding = 4; lastKnownFileType = sourcecode.c.objc; path = HttpManager.m; sourceTree = "<group>"; };
		0FDC415C1E554E6A00876F99 /* Config.h */ = {isa = PBXFileReference; lastKnownFileType = sourcecode.c.h; path = Config.h; sourceTree = "<group>"; };
		0FDC415E1E55504300876F99 /* ViewModelClass.h */ = {isa = PBXFileReference; fileEncoding = 4; lastKnownFileType = sourcecode.c.h; path = ViewModelClass.h; sourceTree = "<group>"; };
		0FDC415F1E55504300876F99 /* ViewModelClass.m */ = {isa = PBXFileReference; fileEncoding = 4; lastKnownFileType = sourcecode.c.objc; path = ViewModelClass.m; sourceTree = "<group>"; };
		0FDC41621E55514900876F99 /* AdvertisingColumn.h */ = {isa = PBXFileReference; fileEncoding = 4; lastKnownFileType = sourcecode.c.h; path = AdvertisingColumn.h; sourceTree = "<group>"; };
		0FDC41631E55514900876F99 /* AdvertisingColumn.m */ = {isa = PBXFileReference; fileEncoding = 4; lastKnownFileType = sourcecode.c.objc; path = AdvertisingColumn.m; sourceTree = "<group>"; };
		0FDC41691E5551CC00876F99 /* SDTabBarController.h */ = {isa = PBXFileReference; fileEncoding = 4; lastKnownFileType = sourcecode.c.h; path = SDTabBarController.h; sourceTree = "<group>"; };
		0FDC416A1E5551CC00876F99 /* SDTabBarController.m */ = {isa = PBXFileReference; fileEncoding = 4; lastKnownFileType = sourcecode.c.objc; path = SDTabBarController.m; sourceTree = "<group>"; };
		0FDC416D1E55525B00876F99 /* ImageFromWeb.h */ = {isa = PBXFileReference; fileEncoding = 4; lastKnownFileType = sourcecode.c.h; path = ImageFromWeb.h; sourceTree = "<group>"; };
		0FDC416E1E55525B00876F99 /* ImageFromWeb.m */ = {isa = PBXFileReference; fileEncoding = 4; lastKnownFileType = sourcecode.c.objc; path = ImageFromWeb.m; sourceTree = "<group>"; };
		0FDC41791E55760F00876F99 /* FirstViewController.h */ = {isa = PBXFileReference; fileEncoding = 4; lastKnownFileType = sourcecode.c.h; path = FirstViewController.h; sourceTree = "<group>"; };
		0FDC417A1E55760F00876F99 /* FirstViewController.m */ = {isa = PBXFileReference; fileEncoding = 4; lastKnownFileType = sourcecode.c.objc; path = FirstViewController.m; sourceTree = "<group>"; };
		0FDC418C1E5698B500876F99 /* SecondViewController.h */ = {isa = PBXFileReference; fileEncoding = 4; lastKnownFileType = sourcecode.c.h; path = SecondViewController.h; sourceTree = "<group>"; };
		0FDC418D1E5698B500876F99 /* SecondViewController.m */ = {isa = PBXFileReference; fileEncoding = 4; lastKnownFileType = sourcecode.c.objc; path = SecondViewController.m; sourceTree = "<group>"; };
		0FDC418F1E5698C500876F99 /* ThirdViewController.h */ = {isa = PBXFileReference; fileEncoding = 4; lastKnownFileType = sourcecode.c.h; path = ThirdViewController.h; sourceTree = "<group>"; };
		0FDC41901E5698C500876F99 /* ThirdViewController.m */ = {isa = PBXFileReference; fileEncoding = 4; lastKnownFileType = sourcecode.c.objc; path = ThirdViewController.m; sourceTree = "<group>"; };
		0FDC41931E5698D400876F99 /* ForthViewController.h */ = {isa = PBXFileReference; fileEncoding = 4; lastKnownFileType = sourcecode.c.h; path = ForthViewController.h; sourceTree = "<group>"; };
		0FDC41941E5698D400876F99 /* ForthViewController.m */ = {isa = PBXFileReference; fileEncoding = 4; lastKnownFileType = sourcecode.c.objc; path = ForthViewController.m; sourceTree = "<group>"; };
		0FDC41961E5698DE00876F99 /* FifthViewController.h */ = {isa = PBXFileReference; fileEncoding = 4; lastKnownFileType = sourcecode.c.h; path = FifthViewController.h; sourceTree = "<group>"; };
		0FDC41971E5698DE00876F99 /* FifthViewController.m */ = {isa = PBXFileReference; fileEncoding = 4; lastKnownFileType = sourcecode.c.objc; path = FifthViewController.m; sourceTree = "<group>"; };
		0FDC41991E56990D00876F99 /* FirstViewModel.h */ = {isa = PBXFileReference; fileEncoding = 4; lastKnownFileType = sourcecode.c.h; path = FirstViewModel.h; sourceTree = "<group>"; };
		0FDC419A1E56990D00876F99 /* FirstViewModel.m */ = {isa = PBXFileReference; fileEncoding = 4; lastKnownFileType = sourcecode.c.objc; path = FirstViewModel.m; sourceTree = "<group>"; };
		20A63DFF1658082549D1A256 /* Pods-mvvm_frame.release.xcconfig */ = {isa = PBXFileReference; includeInIndex = 1; lastKnownFileType = text.xcconfig; name = "Pods-mvvm_frame.release.xcconfig"; path = "Pods/Target Support Files/Pods-mvvm_frame/Pods-mvvm_frame.release.xcconfig"; sourceTree = "<group>"; };
		5D378B07746C00E55329E471 /* Pods-mvvm_frame.debug.xcconfig */ = {isa = PBXFileReference; includeInIndex = 1; lastKnownFileType = text.xcconfig; name = "Pods-mvvm_frame.debug.xcconfig"; path = "Pods/Target Support Files/Pods-mvvm_frame/Pods-mvvm_frame.debug.xcconfig"; sourceTree = "<group>"; };
		8E2518F442E3BC846675D7EA /* libPods-mvvm_frame.a */ = {isa = PBXFileReference; explicitFileType = archive.ar; includeInIndex = 0; path = "libPods-mvvm_frame.a"; sourceTree = BUILT_PRODUCTS_DIR; };
/* End PBXFileReference section */

/* Begin PBXFrameworksBuildPhase section */
		0F45D9B81E5450890081278D /* Frameworks */ = {
			isa = PBXFrameworksBuildPhase;
			buildActionMask = 2147483647;
			files = (
				7C41D5227594CB8D96801A15 /* libPods-mvvm_frame.a in Frameworks */,
			);
			runOnlyForDeploymentPostprocessing = 0;
		};
		0F45D9D11E5450890081278D /* Frameworks */ = {
			isa = PBXFrameworksBuildPhase;
			buildActionMask = 2147483647;
			files = (
			);
			runOnlyForDeploymentPostprocessing = 0;
		};
		0F45D9DC1E54508A0081278D /* Frameworks */ = {
			isa = PBXFrameworksBuildPhase;
			buildActionMask = 2147483647;
			files = (
			);
			runOnlyForDeploymentPostprocessing = 0;
		};
/* End PBXFrameworksBuildPhase section */

/* Begin PBXGroup section */
		0F45D9B21E5450890081278D = {
			isa = PBXGroup;
			children = (
				0F45D9BD1E5450890081278D /* mvvm_frame */,
				0F45D9D71E54508A0081278D /* mvvm_frameTests */,
				0F45D9E21E54508A0081278D /* mvvm_frameUITests */,
				0F45D9BC1E5450890081278D /* Products */,
				DA87D6B9C9D79E46B4A26551 /* Pods */,
				4F8A8C5A7460BA70B94358CF /* Frameworks */,
			);
			sourceTree = "<group>";
		};
		0F45D9BC1E5450890081278D /* Products */ = {
			isa = PBXGroup;
			children = (
				0F45D9BB1E5450890081278D /* mvvm_frame.app */,
				0F45D9D41E54508A0081278D /* mvvm_frameTests.xctest */,
				0F45D9DF1E54508A0081278D /* mvvm_frameUITests.xctest */,
			);
			name = Products;
			sourceTree = "<group>";
		};
		0F45D9BD1E5450890081278D /* mvvm_frame */ = {
			isa = PBXGroup;
			children = (
				0FDC41551E554D4A00876F99 /* Class */,
				0FDC41561E554D5000876F99 /* Tools */,
				0FDC41541E554D4100876F99 /* Request */,
				0FDC41531E554D3700876F99 /* Config */,
				0FDC41521E554D1D00876F99 /* Vender */,
				0FDC41571E554D6900876F99 /* Resourse */,
				0F45D9C11E5450890081278D /* AppDelegate.h */,
				0F45D9C21E5450890081278D /* AppDelegate.m */,
				0F45D9C41E5450890081278D /* ViewController.h */,
				0F45D9C51E5450890081278D /* ViewController.m */,
				0F45D9C71E5450890081278D /* Main.storyboard */,
				0F45D9CA1E5450890081278D /* Assets.xcassets */,
				0F45D9CC1E5450890081278D /* LaunchScreen.storyboard */,
				0F45D9CF1E5450890081278D /* Info.plist */,
				0F45D9BE1E5450890081278D /* Supporting Files */,
			);
			path = mvvm_frame;
			sourceTree = "<group>";
		};
		0F45D9BE1E5450890081278D /* Supporting Files */ = {
			isa = PBXGroup;
			children = (
				0F45D9BF1E5450890081278D /* main.m */,
			);
			name = "Supporting Files";
			sourceTree = "<group>";
		};
		0F45D9D71E54508A0081278D /* mvvm_frameTests */ = {
			isa = PBXGroup;
			children = (
				0F45D9D81E54508A0081278D /* mvvm_frameTests.m */,
				0F45D9DA1E54508A0081278D /* Info.plist */,
			);
			path = mvvm_frameTests;
			sourceTree = "<group>";
		};
		0F45D9E21E54508A0081278D /* mvvm_frameUITests */ = {
			isa = PBXGroup;
			children = (
				0F45D9E31E54508A0081278D /* mvvm_frameUITests.m */,
				0F45D9E51E54508A0081278D /* Info.plist */,
			);
			path = mvvm_frameUITests;
			sourceTree = "<group>";
		};
		0FDC41521E554D1D00876F99 /* Vender */ = {
			isa = PBXGroup;
			children = (
			);
			name = Vender;
			sourceTree = "<group>";
		};
		0FDC41531E554D3700876F99 /* Config */ = {
			isa = PBXGroup;
			children = (
				0FDC41581E554D9200876F99 /* PrefixHeader.pch */,
				0FDC415C1E554E6A00876F99 /* Config.h */,
			);
			name = Config;
			sourceTree = "<group>";
		};
		0FDC41541E554D4100876F99 /* Request */ = {
			isa = PBXGroup;
			children = (
				0FDC41591E554DAB00876F99 /* HttpManager.h */,
				0FDC415A1E554DAB00876F99 /* HttpManager.m */,
			);
			name = Request;
			sourceTree = "<group>";
		};
		0FDC41551E554D4A00876F99 /* Class */ = {
			isa = PBXGroup;
			children = (
				0FDC41741E5575BE00876F99 /* 第五 */,
				0FDC41731E5575B800876F99 /* 第四 */,
				0FDC41721E5575B200876F99 /* 第三 */,
				0FDC41711E5575A900876F99 /* 第二 */,
				0FDC41701E55759500876F99 /* 第一 */,
			);
			name = Class;
			sourceTree = "<group>";
		};
		0FDC41561E554D5000876F99 /* Tools */ = {
			isa = PBXGroup;
			children = (
				0FDC416C1E55524300876F99 /* 网页提取图片 */,
				0FDC41651E55515200876F99 /* 自定义滑动tabbar */,
				0FDC41611E55512A00876F99 /* 广告滑动页面 */,
				0FDC415D1E55501D00876F99 /* ViewModelClass */,
			);
			name = Tools;
			sourceTree = "<group>";
		};
		0FDC41571E554D6900876F99 /* Resourse */ = {
			isa = PBXGroup;
			children = (
			);
			name = Resourse;
			sourceTree = "<group>";
		};
		0FDC415D1E55501D00876F99 /* ViewModelClass */ = {
			isa = PBXGroup;
			children = (
				0FDC415E1E55504300876F99 /* ViewModelClass.h */,
				0FDC415F1E55504300876F99 /* ViewModelClass.m */,
			);
			name = ViewModelClass;
			sourceTree = "<group>";
		};
		0FDC41611E55512A00876F99 /* 广告滑动页面 */ = {
			isa = PBXGroup;
			children = (
				0FDC41621E55514900876F99 /* AdvertisingColumn.h */,
				0FDC41631E55514900876F99 /* AdvertisingColumn.m */,
			);
			name = "广告滑动页面";
			sourceTree = "<group>";
		};
		0FDC41651E55515200876F99 /* 自定义滑动tabbar */ = {
			isa = PBXGroup;
			children = (
				0FDC41691E5551CC00876F99 /* SDTabBarController.h */,
				0FDC416A1E5551CC00876F99 /* SDTabBarController.m */,
			);
			name = "自定义滑动tabbar";
			sourceTree = "<group>";
		};
		0FDC416C1E55524300876F99 /* 网页提取图片 */ = {
			isa = PBXGroup;
			children = (
				0FDC416D1E55525B00876F99 /* ImageFromWeb.h */,
				0FDC416E1E55525B00876F99 /* ImageFromWeb.m */,
			);
			name = "网页提取图片";
			sourceTree = "<group>";
		};
		0FDC41701E55759500876F99 /* 第一 */ = {
			isa = PBXGroup;
			children = (
				0FDC41781E5575F400876F99 /* ViewModel */,
				0FDC41771E5575E400876F99 /* Model */,
				0FDC41761E5575DE00876F99 /* View */,
				0FDC41751E5575CA00876F99 /* ViewController */,
			);
			name = "第一";
			sourceTree = "<group>";
		};
		0FDC41711E5575A900876F99 /* 第二 */ = {
			isa = PBXGroup;
			children = (
				0FDC417F1E5697FD00876F99 /* ViewController */,
				0FDC417E1E5697F600876F99 /* View */,
				0FDC417D1E5697EE00876F99 /* Model */,
				0FDC417C1E5697E000876F99 /* ViewModel */,
			);
			name = "第二";
			sourceTree = "<group>";
		};
		0FDC41721E5575B200876F99 /* 第三 */ = {
			isa = PBXGroup;
			children = (
				0FDC41831E56981F00876F99 /* ViewModel */,
				0FDC41821E56981800876F99 /* Model */,
				0FDC41811E56981300876F99 /* View */,
				0FDC41801E56980800876F99 /* ViewController */,
			);
			name = "第三";
			sourceTree = "<group>";
		};
		0FDC41731E5575B800876F99 /* 第四 */ = {
			isa = PBXGroup;
			children = (
				0FDC41871E56983800876F99 /* ViewController */,
				0FDC41861E56983400876F99 /* Model */,
				0FDC41851E56982D00876F99 /* ViewModel */,
				0FDC41841E56982600876F99 /* View */,
			);
			name = "第四";
			sourceTree = "<group>";
		};
		0FDC41741E5575BE00876F99 /* 第五 */ = {
			isa = PBXGroup;
			children = (
				0FDC418B1E56988B00876F99 /* ViewModel */,
				0FDC418A1E56984C00876F99 /* Model */,
				0FDC41891E56984800876F99 /* View */,
				0FDC41881E56984100876F99 /* ViewController */,
			);
			name = "第五";
			sourceTree = "<group>";
		};
		0FDC41751E5575CA00876F99 /* ViewController */ = {
			isa = PBXGroup;
			children = (
				0FDC41791E55760F00876F99 /* FirstViewController.h */,
				0FDC417A1E55760F00876F99 /* FirstViewController.m */,
			);
			name = ViewController;
			sourceTree = "<group>";
		};
		0FDC41761E5575DE00876F99 /* View */ = {
			isa = PBXGroup;
			children = (
			);
			name = View;
			sourceTree = "<group>";
		};
		0FDC41771E5575E400876F99 /* Model */ = {
			isa = PBXGroup;
			children = (
			);
			name = Model;
			sourceTree = "<group>";
		};
		0FDC41781E5575F400876F99 /* ViewModel */ = {
			isa = PBXGroup;
			children = (
				0FDC41991E56990D00876F99 /* FirstViewModel.h */,
				0FDC419A1E56990D00876F99 /* FirstViewModel.m */,
			);
			name = ViewModel;
			sourceTree = "<group>";
		};
		0FDC417C1E5697E000876F99 /* ViewModel */ = {
			isa = PBXGroup;
			children = (
			);
			name = ViewModel;
			sourceTree = "<group>";
		};
		0FDC417D1E5697EE00876F99 /* Model */ = {
			isa = PBXGroup;
			children = (
			);
			name = Model;
			sourceTree = "<group>";
		};
		0FDC417E1E5697F600876F99 /* View */ = {
			isa = PBXGroup;
			children = (
			);
			name = View;
			sourceTree = "<group>";
		};
		0FDC417F1E5697FD00876F99 /* ViewController */ = {
			isa = PBXGroup;
			children = (
				0FDC418C1E5698B500876F99 /* SecondViewController.h */,
				0FDC418D1E5698B500876F99 /* SecondViewController.m */,
			);
			name = ViewController;
			sourceTree = "<group>";
		};
		0FDC41801E56980800876F99 /* ViewController */ = {
			isa = PBXGroup;
			children = (
				0FDC418F1E5698C500876F99 /* ThirdViewController.h */,
				0FDC41901E5698C500876F99 /* ThirdViewController.m */,
			);
			name = ViewController;
			sourceTree = "<group>";
		};
		0FDC41811E56981300876F99 /* View */ = {
			isa = PBXGroup;
			children = (
			);
			name = View;
			sourceTree = "<group>";
		};
		0FDC41821E56981800876F99 /* Model */ = {
			isa = PBXGroup;
			children = (
			);
			name = Model;
			sourceTree = "<group>";
		};
		0FDC41831E56981F00876F99 /* ViewModel */ = {
			isa = PBXGroup;
			children = (
			);
			name = ViewModel;
			sourceTree = "<group>";
		};
		0FDC41841E56982600876F99 /* View */ = {
			isa = PBXGroup;
			children = (
			);
			name = View;
			sourceTree = "<group>";
		};
		0FDC41851E56982D00876F99 /* ViewModel */ = {
			isa = PBXGroup;
			children = (
			);
			name = ViewModel;
			sourceTree = "<group>";
		};
		0FDC41861E56983400876F99 /* Model */ = {
			isa = PBXGroup;
			children = (
			);
			name = Model;
			sourceTree = "<group>";
		};
		0FDC41871E56983800876F99 /* ViewController */ = {
			isa = PBXGroup;
			children = (
				0FDC41931E5698D400876F99 /* ForthViewController.h */,
				0FDC41941E5698D400876F99 /* ForthViewController.m */,
			);
			name = ViewController;
			sourceTree = "<group>";
		};
		0FDC41881E56984100876F99 /* ViewController */ = {
			isa = PBXGroup;
			children = (
				0FDC41961E5698DE00876F99 /* FifthViewController.h */,
				0FDC41971E5698DE00876F99 /* FifthViewController.m */,
			);
			name = ViewController;
			sourceTree = "<group>";
		};
		0FDC41891E56984800876F99 /* View */ = {
			isa = PBXGroup;
			children = (
			);
			name = View;
			sourceTree = "<group>";
		};
		0FDC418A1E56984C00876F99 /* Model */ = {
			isa = PBXGroup;
			children = (
			);
			name = Model;
			sourceTree = "<group>";
		};
		0FDC418B1E56988B00876F99 /* ViewModel */ = {
			isa = PBXGroup;
			children = (
			);
			name = ViewModel;
			sourceTree = "<group>";
		};
		4F8A8C5A7460BA70B94358CF /* Frameworks */ = {
			isa = PBXGroup;
			children = (
				8E2518F442E3BC846675D7EA /* libPods-mvvm_frame.a */,
			);
			name = Frameworks;
			sourceTree = "<group>";
		};
		DA87D6B9C9D79E46B4A26551 /* Pods */ = {
			isa = PBXGroup;
			children = (
				5D378B07746C00E55329E471 /* Pods-mvvm_frame.debug.xcconfig */,
				20A63DFF1658082549D1A256 /* Pods-mvvm_frame.release.xcconfig */,
			);
			name = Pods;
			sourceTree = "<group>";
		};
/* End PBXGroup section */

/* Begin PBXNativeTarget section */
		0F45D9BA1E5450890081278D /* mvvm_frame */ = {
			isa = PBXNativeTarget;
			buildConfigurationList = 0F45D9E81E54508A0081278D /* Build configuration list for PBXNativeTarget "mvvm_frame" */;
			buildPhases = (
				0E28C81C30E5AD7A89E5DB81 /* [CP] Check Pods Manifest.lock */,
				0F45D9B71E5450890081278D /* Sources */,
				0F45D9B81E5450890081278D /* Frameworks */,
				0F45D9B91E5450890081278D /* Resources */,
				626F6D3FF4ED84F08D423502 /* [CP] Embed Pods Frameworks */,
				BC845C0421C7FAFB05D3695E /* [CP] Copy Pods Resources */,
			);
			buildRules = (
			);
			dependencies = (
			);
			name = mvvm_frame;
			productName = mvvm_frame;
			productReference = 0F45D9BB1E5450890081278D /* mvvm_frame.app */;
			productType = "com.apple.product-type.application";
		};
		0F45D9D31E5450890081278D /* mvvm_frameTests */ = {
			isa = PBXNativeTarget;
			buildConfigurationList = 0F45D9EB1E54508A0081278D /* Build configuration list for PBXNativeTarget "mvvm_frameTests" */;
			buildPhases = (
				0F45D9D01E5450890081278D /* Sources */,
				0F45D9D11E5450890081278D /* Frameworks */,
				0F45D9D21E5450890081278D /* Resources */,
			);
			buildRules = (
			);
			dependencies = (
				0F45D9D61E54508A0081278D /* PBXTargetDependency */,
			);
			name = mvvm_frameTests;
			productName = mvvm_frameTests;
			productReference = 0F45D9D41E54508A0081278D /* mvvm_frameTests.xctest */;
			productType = "com.apple.product-type.bundle.unit-test";
		};
		0F45D9DE1E54508A0081278D /* mvvm_frameUITests */ = {
			isa = PBXNativeTarget;
			buildConfigurationList = 0F45D9EE1E54508A0081278D /* Build configuration list for PBXNativeTarget "mvvm_frameUITests" */;
			buildPhases = (
				0F45D9DB1E54508A0081278D /* Sources */,
				0F45D9DC1E54508A0081278D /* Frameworks */,
				0F45D9DD1E54508A0081278D /* Resources */,
			);
			buildRules = (
			);
			dependencies = (
				0F45D9E11E54508A0081278D /* PBXTargetDependency */,
			);
			name = mvvm_frameUITests;
			productName = mvvm_frameUITests;
			productReference = 0F45D9DF1E54508A0081278D /* mvvm_frameUITests.xctest */;
			productType = "com.apple.product-type.bundle.ui-testing";
		};
/* End PBXNativeTarget section */

/* Begin PBXProject section */
		0F45D9B31E5450890081278D /* Project object */ = {
			isa = PBXProject;
			attributes = {
				LastUpgradeCheck = 0820;
				ORGANIZATIONNAME = mvvm;
				TargetAttributes = {
					0F45D9BA1E5450890081278D = {
						CreatedOnToolsVersion = 8.2.1;
						DevelopmentTeam = LX8753W3RT;
						ProvisioningStyle = Automatic;
					};
					0F45D9D31E5450890081278D = {
						CreatedOnToolsVersion = 8.2.1;
						ProvisioningStyle = Automatic;
						TestTargetID = 0F45D9BA1E5450890081278D;
					};
					0F45D9DE1E54508A0081278D = {
						CreatedOnToolsVersion = 8.2.1;
						ProvisioningStyle = Automatic;
						TestTargetID = 0F45D9BA1E5450890081278D;
					};
				};
			};
			buildConfigurationList = 0F45D9B61E5450890081278D /* Build configuration list for PBXProject "mvvm_frame" */;
			compatibilityVersion = "Xcode 3.2";
			developmentRegion = English;
			hasScannedForEncodings = 0;
			knownRegions = (
				en,
				Base,
			);
			mainGroup = 0F45D9B21E5450890081278D;
			productRefGroup = 0F45D9BC1E5450890081278D /* Products */;
			projectDirPath = "";
			projectRoot = "";
			targets = (
				0F45D9BA1E5450890081278D /* mvvm_frame */,
				0F45D9D31E5450890081278D /* mvvm_frameTests */,
				0F45D9DE1E54508A0081278D /* mvvm_frameUITests */,
			);
		};
/* End PBXProject section */

/* Begin PBXResourcesBuildPhase section */
		0F45D9B91E5450890081278D /* Resources */ = {
			isa = PBXResourcesBuildPhase;
			buildActionMask = 2147483647;
			files = (
				0F45D9CE1E5450890081278D /* LaunchScreen.storyboard in Resources */,
				0F45D9CB1E5450890081278D /* Assets.xcassets in Resources */,
				0F45D9C91E5450890081278D /* Main.storyboard in Resources */,
			);
			runOnlyForDeploymentPostprocessing = 0;
		};
		0F45D9D21E5450890081278D /* Resources */ = {
			isa = PBXResourcesBuildPhase;
			buildActionMask = 2147483647;
			files = (
			);
			runOnlyForDeploymentPostprocessing = 0;
		};
		0F45D9DD1E54508A0081278D /* Resources */ = {
			isa = PBXResourcesBuildPhase;
			buildActionMask = 2147483647;
			files = (
			);
			runOnlyForDeploymentPostprocessing = 0;
		};
/* End PBXResourcesBuildPhase section */

/* Begin PBXShellScriptBuildPhase section */
		0E28C81C30E5AD7A89E5DB81 /* [CP] Check Pods Manifest.lock */ = {
			isa = PBXShellScriptBuildPhase;
			buildActionMask = 2147483647;
			files = (
			);
			inputPaths = (
			);
			name = "[CP] Check Pods Manifest.lock";
			outputPaths = (
			);
			runOnlyForDeploymentPostprocessing = 0;
			shellPath = /bin/sh;
			shellScript = "diff \"${PODS_ROOT}/../Podfile.lock\" \"${PODS_ROOT}/Manifest.lock\" > /dev/null\nif [ $? != 0 ] ; then\n    # print error to STDERR\n    echo \"error: The sandbox is not in sync with the Podfile.lock. Run 'pod install' or update your CocoaPods installation.\" >&2\n    exit 1\nfi\n";
			showEnvVarsInLog = 0;
		};
		626F6D3FF4ED84F08D423502 /* [CP] Embed Pods Frameworks */ = {
			isa = PBXShellScriptBuildPhase;
			buildActionMask = 2147483647;
			files = (
			);
			inputPaths = (
			);
			name = "[CP] Embed Pods Frameworks";
			outputPaths = (
			);
			runOnlyForDeploymentPostprocessing = 0;
			shellPath = /bin/sh;
			shellScript = "\"${SRCROOT}/Pods/Target Support Files/Pods-mvvm_frame/Pods-mvvm_frame-frameworks.sh\"\n";
			showEnvVarsInLog = 0;
		};
		BC845C0421C7FAFB05D3695E /* [CP] Copy Pods Resources */ = {
			isa = PBXShellScriptBuildPhase;
			buildActionMask = 2147483647;
			files = (
			);
			inputPaths = (
			);
			name = "[CP] Copy Pods Resources";
			outputPaths = (
			);
			runOnlyForDeploymentPostprocessing = 0;
			shellPath = /bin/sh;
			shellScript = "\"${SRCROOT}/Pods/Target Support Files/Pods-mvvm_frame/Pods-mvvm_frame-resources.sh\"\n";
			showEnvVarsInLog = 0;
		};
/* End PBXShellScriptBuildPhase section */

/* Begin PBXSourcesBuildPhase section */
		0F45D9B71E5450890081278D /* Sources */ = {
			isa = PBXSourcesBuildPhase;
			buildActionMask = 2147483647;
			files = (
				0FDC41981E5698DE00876F99 /* FifthViewController.m in Sources */,
				0FDC418E1E5698B500876F99 /* SecondViewController.m in Sources */,
				0F45D9C61E5450890081278D /* ViewController.m in Sources */,
				0FDC41951E5698D400876F99 /* ForthViewController.m in Sources */,
				0FDC417B1E55760F00876F99 /* FirstViewController.m in Sources */,
				0FDC41601E55504300876F99 /* ViewModelClass.m in Sources */,
				0F45D9C31E5450890081278D /* AppDelegate.m in Sources */,
				0FDC41911E5698C500876F99 /* ThirdViewController.m in Sources */,
				0F45D9C01E5450890081278D /* main.m in Sources */,
				0FDC41641E55514900876F99 /* AdvertisingColumn.m in Sources */,
				0FDC415B1E554DAB00876F99 /* HttpManager.m in Sources */,
				0FDC416F1E55525B00876F99 /* ImageFromWeb.m in Sources */,
				0FDC416B1E5551CC00876F99 /* SDTabBarController.m in Sources */,
				0FDC419B1E56990D00876F99 /* FirstViewModel.m in Sources */,
			);
			runOnlyForDeploymentPostprocessing = 0;
		};
		0F45D9D01E5450890081278D /* Sources */ = {
			isa = PBXSourcesBuildPhase;
			buildActionMask = 2147483647;
			files = (
				0F45D9D91E54508A0081278D /* mvvm_frameTests.m in Sources */,
			);
			runOnlyForDeploymentPostprocessing = 0;
		};
		0F45D9DB1E54508A0081278D /* Sources */ = {
			isa = PBXSourcesBuildPhase;
			buildActionMask = 2147483647;
			files = (
				0F45D9E41E54508A0081278D /* mvvm_frameUITests.m in Sources */,
			);
			runOnlyForDeploymentPostprocessing = 0;
		};
/* End PBXSourcesBuildPhase section */

/* Begin PBXTargetDependency section */
		0F45D9D61E54508A0081278D /* PBXTargetDependency */ = {
			isa = PBXTargetDependency;
			target = 0F45D9BA1E5450890081278D /* mvvm_frame */;
			targetProxy = 0F45D9D51E54508A0081278D /* PBXContainerItemProxy */;
		};
		0F45D9E11E54508A0081278D /* PBXTargetDependency */ = {
			isa = PBXTargetDependency;
			target = 0F45D9BA1E5450890081278D /* mvvm_frame */;
			targetProxy = 0F45D9E01E54508A0081278D /* PBXContainerItemProxy */;
		};
/* End PBXTargetDependency section */

/* Begin PBXVariantGroup section */
		0F45D9C71E5450890081278D /* Main.storyboard */ = {
			isa = PBXVariantGroup;
			children = (
				0F45D9C81E5450890081278D /* Base */,
			);
			name = Main.storyboard;
			sourceTree = "<group>";
		};
		0F45D9CC1E5450890081278D /* LaunchScreen.storyboard */ = {
			isa = PBXVariantGroup;
			children = (
				0F45D9CD1E5450890081278D /* Base */,
			);
			name = LaunchScreen.storyboard;
			sourceTree = "<group>";
		};
/* End PBXVariantGroup section */

/* Begin XCBuildConfiguration section */
		0F45D9E61E54508A0081278D /* Debug */ = {
			isa = XCBuildConfiguration;
			buildSettings = {
				ALWAYS_SEARCH_USER_PATHS = NO;
				CLANG_ANALYZER_NONNULL = YES;
				CLANG_CXX_LANGUAGE_STANDARD = "gnu++0x";
				CLANG_CXX_LIBRARY = "libc++";
				CLANG_ENABLE_MODULES = YES;
				CLANG_ENABLE_OBJC_ARC = YES;
				CLANG_WARN_BOOL_CONVERSION = YES;
				CLANG_WARN_CONSTANT_CONVERSION = YES;
				CLANG_WARN_DIRECT_OBJC_ISA_USAGE = YES_ERROR;
				CLANG_WARN_DOCUMENTATION_COMMENTS = YES;
				CLANG_WARN_EMPTY_BODY = YES;
				CLANG_WARN_ENUM_CONVERSION = YES;
				CLANG_WARN_INFINITE_RECURSION = YES;
				CLANG_WARN_INT_CONVERSION = YES;
				CLANG_WARN_OBJC_ROOT_CLASS = YES_ERROR;
				CLANG_WARN_SUSPICIOUS_MOVE = YES;
				CLANG_WARN_UNREACHABLE_CODE = YES;
				CLANG_WARN__DUPLICATE_METHOD_MATCH = YES;
				"CODE_SIGN_IDENTITY[sdk=iphoneos*]" = "iPhone Developer";
				COPY_PHASE_STRIP = NO;
				DEBUG_INFORMATION_FORMAT = dwarf;
				ENABLE_STRICT_OBJC_MSGSEND = YES;
				ENABLE_TESTABILITY = YES;
				GCC_C_LANGUAGE_STANDARD = gnu99;
				GCC_DYNAMIC_NO_PIC = NO;
				GCC_NO_COMMON_BLOCKS = YES;
				GCC_OPTIMIZATION_LEVEL = 0;
				GCC_PREFIX_HEADER = /Users/hemale/Desktop/MVVM_Example/mvvm_frame/mvvm_frame/PrefixHeader.pch;
				GCC_PREPROCESSOR_DEFINITIONS = (
					"DEBUG=1",
					"$(inherited)",
				);
				GCC_WARN_64_TO_32_BIT_CONVERSION = YES;
				GCC_WARN_ABOUT_RETURN_TYPE = YES_ERROR;
				GCC_WARN_UNDECLARED_SELECTOR = YES;
				GCC_WARN_UNINITIALIZED_AUTOS = YES_AGGRESSIVE;
				GCC_WARN_UNUSED_FUNCTION = YES;
				GCC_WARN_UNUSED_VARIABLE = YES;
				IPHONEOS_DEPLOYMENT_TARGET = 10.2;
				MTL_ENABLE_DEBUG_INFO = YES;
				ONLY_ACTIVE_ARCH = YES;
				SDKROOT = iphoneos;
				TARGETED_DEVICE_FAMILY = "1,2";
			};
			name = Debug;
		};
		0F45D9E71E54508A0081278D /* Release */ = {
			isa = XCBuildConfiguration;
			buildSettings = {
				ALWAYS_SEARCH_USER_PATHS = NO;
				CLANG_ANALYZER_NONNULL = YES;
				CLANG_CXX_LANGUAGE_STANDARD = "gnu++0x";
				CLANG_CXX_LIBRARY = "libc++";
				CLANG_ENABLE_MODULES = YES;
				CLANG_ENABLE_OBJC_ARC = YES;
				CLANG_WARN_BOOL_CONVERSION = YES;
				CLANG_WARN_CONSTANT_CONVERSION = YES;
				CLANG_WARN_DIRECT_OBJC_ISA_USAGE = YES_ERROR;
				CLANG_WARN_DOCUMENTATION_COMMENTS = YES;
				CLANG_WARN_EMPTY_BODY = YES;
				CLANG_WARN_ENUM_CONVERSION = YES;
				CLANG_WARN_INFINITE_RECURSION = YES;
				CLANG_WARN_INT_CONVERSION = YES;
				CLANG_WARN_OBJC_ROOT_CLASS = YES_ERROR;
				CLANG_WARN_SUSPICIOUS_MOVE = YES;
				CLANG_WARN_UNREACHABLE_CODE = YES;
				CLANG_WARN__DUPLICATE_METHOD_MATCH = YES;
				"CODE_SIGN_IDENTITY[sdk=iphoneos*]" = "iPhone Developer";
				COPY_PHASE_STRIP = NO;
				DEBUG_INFORMATION_FORMAT = "dwarf-with-dsym";
				ENABLE_NS_ASSERTIONS = NO;
				ENABLE_STRICT_OBJC_MSGSEND = YES;
				GCC_C_LANGUAGE_STANDARD = gnu99;
				GCC_NO_COMMON_BLOCKS = YES;
				GCC_PREFIX_HEADER = /Users/hemale/Desktop/MVVM_Example/mvvm_frame/mvvm_frame/PrefixHeader.pch;
				GCC_WARN_64_TO_32_BIT_CONVERSION = YES;
				GCC_WARN_ABOUT_RETURN_TYPE = YES_ERROR;
				GCC_WARN_UNDECLARED_SELECTOR = YES;
				GCC_WARN_UNINITIALIZED_AUTOS = YES_AGGRESSIVE;
				GCC_WARN_UNUSED_FUNCTION = YES;
				GCC_WARN_UNUSED_VARIABLE = YES;
				IPHONEOS_DEPLOYMENT_TARGET = 10.2;
				MTL_ENABLE_DEBUG_INFO = NO;
				SDKROOT = iphoneos;
				TARGETED_DEVICE_FAMILY = "1,2";
				VALIDATE_PRODUCT = YES;
			};
			name = Release;
		};
		0F45D9E91E54508A0081278D /* Debug */ = {
			isa = XCBuildConfiguration;
			baseConfigurationReference = 5D378B07746C00E55329E471 /* Pods-mvvm_frame.debug.xcconfig */;
			buildSettings = {
				ASSETCATALOG_COMPILER_APPICON_NAME = AppIcon;
				DEVELOPMENT_TEAM = LX8753W3RT;
				INFOPLIST_FILE = mvvm_frame/Info.plist;
				LD_RUNPATH_SEARCH_PATHS = "$(inherited) @executable_path/Frameworks";
				PRODUCT_BUNDLE_IDENTIFIER = "com.mvvm-frame";
				PRODUCT_NAME = "$(TARGET_NAME)";
			};
			name = Debug;
		};
		0F45D9EA1E54508A0081278D /* Release */ = {
			isa = XCBuildConfiguration;
			baseConfigurationReference = 20A63DFF1658082549D1A256 /* Pods-mvvm_frame.release.xcconfig */;
			buildSettings = {
				ASSETCATALOG_COMPILER_APPICON_NAME = AppIcon;
				DEVELOPMENT_TEAM = LX8753W3RT;
				INFOPLIST_FILE = mvvm_frame/Info.plist;
				LD_RUNPATH_SEARCH_PATHS = "$(inherited) @executable_path/Frameworks";
				PRODUCT_BUNDLE_IDENTIFIER = "com.mvvm-frame";
				PRODUCT_NAME = "$(TARGET_NAME)";
			};
			name = Release;
		};
		0F45D9EC1E54508A0081278D /* Debug */ = {
			isa = XCBuildConfiguration;
			buildSettings = {
				BUNDLE_LOADER = "$(TEST_HOST)";
				INFOPLIST_FILE = mvvm_frameTests/Info.plist;
				LD_RUNPATH_SEARCH_PATHS = "$(inherited) @executable_path/Frameworks @loader_path/Frameworks";
				PRODUCT_BUNDLE_IDENTIFIER = "com.mvvm-frameTests";
				PRODUCT_NAME = "$(TARGET_NAME)";
				TEST_HOST = "$(BUILT_PRODUCTS_DIR)/mvvm_frame.app/mvvm_frame";
			};
			name = Debug;
		};
		0F45D9ED1E54508A0081278D /* Release */ = {
			isa = XCBuildConfiguration;
			buildSettings = {
				BUNDLE_LOADER = "$(TEST_HOST)";
				INFOPLIST_FILE = mvvm_frameTests/Info.plist;
				LD_RUNPATH_SEARCH_PATHS = "$(inherited) @executable_path/Frameworks @loader_path/Frameworks";
				PRODUCT_BUNDLE_IDENTIFIER = "com.mvvm-frameTests";
				PRODUCT_NAME = "$(TARGET_NAME)";
				TEST_HOST = "$(BUILT_PRODUCTS_DIR)/mvvm_frame.app/mvvm_frame";
			};
			name = Release;
		};
		0F45D9EF1E54508A0081278D /* Debug */ = {
			isa = XCBuildConfiguration;
			buildSettings = {
				INFOPLIST_FILE = mvvm_frameUITests/Info.plist;
				LD_RUNPATH_SEARCH_PATHS = "$(inherited) @executable_path/Frameworks @loader_path/Frameworks";
				PRODUCT_BUNDLE_IDENTIFIER = "com.mvvm-frameUITests";
				PRODUCT_NAME = "$(TARGET_NAME)";
				TEST_TARGET_NAME = mvvm_frame;
			};
			name = Debug;
		};
		0F45D9F01E54508A0081278D /* Release */ = {
			isa = XCBuildConfiguration;
			buildSettings = {
				INFOPLIST_FILE = mvvm_frameUITests/Info.plist;
				LD_RUNPATH_SEARCH_PATHS = "$(inherited) @executable_path/Frameworks @loader_path/Frameworks";
				PRODUCT_BUNDLE_IDENTIFIER = "com.mvvm-frameUITests";
				PRODUCT_NAME = "$(TARGET_NAME)";
				TEST_TARGET_NAME = mvvm_frame;
			};
			name = Release;
		};
/* End XCBuildConfiguration section */

/* Begin XCConfigurationList section */
		0F45D9B61E5450890081278D /* Build configuration list for PBXProject "mvvm_frame" */ = {
			isa = XCConfigurationList;
			buildConfigurations = (
				0F45D9E61E54508A0081278D /* Debug */,
				0F45D9E71E54508A0081278D /* Release */,
			);
			defaultConfigurationIsVisible = 0;
			defaultConfigurationName = Release;
		};
		0F45D9E81E54508A0081278D /* Build configuration list for PBXNativeTarget "mvvm_frame" */ = {
			isa = XCConfigurationList;
			buildConfigurations = (
				0F45D9E91E54508A0081278D /* Debug */,
				0F45D9EA1E54508A0081278D /* Release */,
			);
			defaultConfigurationIsVisible = 0;
			defaultConfigurationName = Release;
		};
		0F45D9EB1E54508A0081278D /* Build configuration list for PBXNativeTarget "mvvm_frameTests" */ = {
			isa = XCConfigurationList;
			buildConfigurations = (
				0F45D9EC1E54508A0081278D /* Debug */,
				0F45D9ED1E54508A0081278D /* Release */,
			);
			defaultConfigurationIsVisible = 0;
			defaultConfigurationName = Release;
		};
		0F45D9EE1E54508A0081278D /* Build configuration list for PBXNativeTarget "mvvm_frameUITests" */ = {
			isa = XCConfigurationList;
			buildConfigurations = (
				0F45D9EF1E54508A0081278D /* Debug */,
				0F45D9F01E54508A0081278D /* Release */,
			);
			defaultConfigurationIsVisible = 0;
			defaultConfigurationName = Release;
		};
/* End XCConfigurationList section */
	};
	rootObject = 0F45D9B31E5450890081278D /* Project object */;
}
